
Microsoft Visual Studio Solution File, Format Version 10.00
# Visual C# Express 2008
Project("{FAE04EC0-301F-11D3-BF4B-00C04F79EFBC}") = "DSCTest1", "DSCTest1\DSCTest1.csproj", "{8B5E0756-8CB2-4211-9D83-CDEAF682D0C5}"
	ProjectSection(ProjectDependencies) = postProject
		{DBB89338-4DC2-4A0E-8379-CC8C1A5F1647} = {DBB89338-4DC2-4A0E-8379-CC8C1A5F1647}
	EndProjectSection
EndProject
Project("{FAE04EC0-301F-11D3-BF4B-00C04F79EFBC}") = "DSTCalculations", "DSTCalculations\DSTCalculations.csproj", "{DBB89338-4DC2-4A0E-8379-CC8C1A5F1647}"
EndProject
Project("{FAE04EC0-301F-11D3-BF4B-00C04F79EFBC}") = "ScopeDSCClient", "ScopeDSCClient\ScopeDSCClient.csproj", "{ECC85252-F03C-4633-90F0-3CA17A4F1998}"
	ProjectSection(ProjectDependencies) = postProject
		{94070B1D-6DE4-4D45-B2B9-5DA09D0E15C9} = {94070B1D-6DE4-4D45-B2B9-5DA09D0E15C9}
		{DBB89338-4DC2-4A0E-8379-CC8C1A5F1647} = {DBB89338-4DC2-4A0E-8379-CC8C1A5F1647}
		{B6947D80-234D-432E-A80A-15B81DF80683} = {B6947D80-234D-432E-A80A-15B81DF80683}
		{961233F7-9E95-4499-B1AB-69848D72ED40} = {961233F7-9E95-4499-B1AB-69848D72ED40}
	EndProjectSection
EndProject
Project("{FAE04EC0-301F-11D3-BF4B-00C04F79EFBC}") = "SkyObjectPosition", "SkyObjectPosition\SkyObjectPosition.csproj", "{961233F7-9E95-4499-B1AB-69848D72ED40}"
EndProject
Project("{FAE04EC0-301F-11D3-BF4B-00C04F79EFBC}") = "SerialPortSupport", "SerialPortSupport\SerialPortSupport.csproj", "{B6947D80-234D-432E-A80A-15B81DF80683}"
EndProject
Project("{FAE04EC0-301F-11D3-BF4B-00C04F79EFBC}") = "ScopeDSCConfigureHW", "ScopeDSCConfigureHW\ScopeDSCConfigureHW.csproj", "{59AD355D-1C3D-4DDE-BD79-9193A612D7A3}"
	ProjectSection(ProjectDependencies) = postProject
		{B6947D80-234D-432E-A80A-15B81DF80683} = {B6947D80-234D-432E-A80A-15B81DF80683}
	EndProjectSection
EndProject
Project("{FAE04EC0-301F-11D3-BF4B-00C04F79EFBC}") = "TouchscreenKeyboard", "TouchscreenKeyboard\TouchscreenKeyboard.csproj", "{94070B1D-6DE4-4D45-B2B9-5DA09D0E15C9}"
EndProject
Project("{FAE04EC0-301F-11D3-BF4B-00C04F79EFBC}") = "SettingsSupport", "SettingsSupport\SettingsSupport.csproj", "{9513A47D-4AE5-46BA-87CE-B2EBEE2EB875}"
EndProject
Global
	GlobalSection(SolutionConfigurationPlatforms) = preSolution
		Debug|Any CPU = Debug|Any CPU
		Release|Any CPU = Release|Any CPU
	EndGlobalSection
	GlobalSection(ProjectConfigurationPlatforms) = postSolution
		{8B5E0756-8CB2-4211-9D83-CDEAF682D0C5}.Debug|Any CPU.ActiveCfg = Debug|Any CPU
		{8B5E0756-8CB2-4211-9D83-CDEAF682D0C5}.Debug|Any CPU.Build.0 = Debug|Any CPU
		{8B5E0756-8CB2-4211-9D83-CDEAF682D0C5}.Release|Any CPU.ActiveCfg = Release|Any CPU
		{8B5E0756-8CB2-4211-9D83-CDEAF682D0C5}.Release|Any CPU.Build.0 = Release|Any CPU
		{DBB89338-4DC2-4A0E-8379-CC8C1A5F1647}.Debug|Any CPU.ActiveCfg = Debug|Any CPU
		{DBB89338-4DC2-4A0E-8379-CC8C1A5F1647}.Debug|Any CPU.Build.0 = Debug|Any CPU
		{DBB89338-4DC2-4A0E-8379-CC8C1A5F1647}.Release|Any CPU.ActiveCfg = Release|Any CPU
		{DBB89338-4DC2-4A0E-8379-CC8C1A5F1647}.Release|Any CPU.Build.0 = Release|Any CPU
		{ECC85252-F03C-4633-90F0-3CA17A4F1998}.Debug|Any CPU.ActiveCfg = Debug|Any CPU
		{ECC85252-F03C-4633-90F0-3CA17A4F1998}.Debug|Any CPU.Build.0 = Debug|Any CPU
		{ECC85252-F03C-4633-90F0-3CA17A4F1998}.Release|Any CPU.ActiveCfg = Release|Any CPU
		{ECC85252-F03C-4633-90F0-3CA17A4F1998}.Release|Any CPU.Build.0 = Release|Any CPU
		{961233F7-9E95-4499-B1AB-69848D72ED40}.Debug|Any CPU.ActiveCfg = Debug|Any CPU
		{961233F7-9E95-4499-B1AB-69848D72ED40}.Debug|Any CPU.Build.0 = Debug|Any CPU
		{961233F7-9E95-4499-B1AB-69848D72ED40}.Release|Any CPU.ActiveCfg = Release|Any CPU
		{961233F7-9E95-4499-B1AB-69848D72ED40}.Release|Any CPU.Build.0 = Release|Any CPU
		{B6947D80-234D-432E-A80A-15B81DF80683}.Debug|Any CPU.ActiveCfg = Debug|Any CPU
		{B6947D80-234D-432E-A80A-15B81DF80683}.Debug|Any CPU.Build.0 = Debug|Any CPU
		{B6947D80-234D-432E-A80A-15B81DF80683}.Release|Any CPU.ActiveCfg = Release|Any CPU
		{B6947D80-234D-432E-A80A-15B81DF80683}.Release|Any CPU.Build.0 = Release|Any CPU
		{59AD355D-1C3D-4DDE-BD79-9193A612D7A3}.Debug|Any CPU.ActiveCfg = Debug|Any CPU
		{59AD355D-1C3D-4DDE-BD79-9193A612D7A3}.Debug|Any CPU.Build.0 = Debug|Any CPU
		{59AD355D-1C3D-4DDE-BD79-9193A612D7A3}.Release|Any CPU.ActiveCfg = Release|Any CPU
		{59AD355D-1C3D-4DDE-BD79-9193A612D7A3}.Release|Any CPU.Build.0 = Release|Any CPU
		{94070B1D-6DE4-4D45-B2B9-5DA09D0E15C9}.Debug|Any CPU.ActiveCfg = Debug|Any CPU
		{94070B1D-6DE4-4D45-B2B9-5DA09D0E15C9}.Debug|Any CPU.Build.0 = Debug|Any CPU
		{94070B1D-6DE4-4D45-B2B9-5DA09D0E15C9}.Release|Any CPU.ActiveCfg = Release|Any CPU
		{94070B1D-6DE4-4D45-B2B9-5DA09D0E15C9}.Release|Any CPU.Build.0 = Release|Any CPU
		{9513A47D-4AE5-46BA-87CE-B2EBEE2EB875}.Debug|Any CPU.ActiveCfg = Debug|Any CPU
		{9513A47D-4AE5-46BA-87CE-B2EBEE2EB875}.Debug|Any CPU.Build.0 = Debug|Any CPU
		{9513A47D-4AE5-46BA-87CE-B2EBEE2EB875}.Release|Any CPU.ActiveCfg = Release|Any CPU
		{9513A47D-4AE5-46BA-87CE-B2EBEE2EB875}.Release|Any CPU.Build.0 = Release|Any CPU
	EndGlobalSection
	GlobalSection(SolutionProperties) = preSolution
		HideSolutionNode = FALSE
	EndGlobalSection
EndGlobal
